
Microsoft Visual Studio Solution File, Format Version 12.00
# Visual Studio Version 16
VisualStudioVersion = 16.0.29215.179
MinimumVisualStudioVersion = 10.0.40219.1
Project("{FAE04EC0-301F-11D3-BF4B-00C04F79EFBC}") = "Chapter08Program02", "Chapter08Program02.csproj", "{00FC8DBF-A45E-4665-A3D1-4C08915243CA}"
EndProject
Global
	GlobalSection(SolutionConfigurationPlatforms) = preSolution
		Debug|Any CPU = Debug|Any CPU
		Release|Any CPU = Release|Any CPU
	EndGlobalSection
	GlobalSection(ProjectConfigurationPlatforms) = postSolution
		{00FC8DBF-A45E-4665-A3D1-4C08915243CA}.Debug|Any CPU.ActiveCfg = Debug|Any CPU
		{00FC8DBF-A45E-4665-A3D1-4C08915243CA}.Debug|Any CPU.Build.0 = Debug|Any CPU
		{00FC8DBF-A45E-4665-A3D1-4C08915243CA}.Release|Any CPU.ActiveCfg = Release|Any CPU
		{00FC8DBF-A45E-4665-A3D1-4C08915243CA}.Release|Any CPU.Build.0 = Release|Any CPU
	EndGlobalSection
	GlobalSection(SolutionProperties) = preSolution
		HideSolutionNode = FALSE
	EndGlobalSection
	GlobalSection(ExtensibilityGlobals) = postSolution
		SolutionGuid = {D4308761-8042-46B9-B410-6D2FA55BD872}
	EndGlobalSection
EndGlobal
